{
  "name": "vuepress",
  "version": "1.0.0",
  "lockfileVersion": 1,
  "requires": true,
  "dependencies": {
    "@babel/standalone": {
      "version": "7.13.15",
      "resolved": "https://registry.npmjs.org/@babel/standalone/-/standalone-7.13.15.tgz",
      "integrity": "sha512-gKEx9cfMLJegKYYVnI1/4swITcWQa2/e0HlAU9S/+h94xGdyXtoYVQiz8gcXabQ/8MMlOwGclkRoTL3cAxplZg=="
    },
    "codemirror": {
      "version": "5.60.0",
      "resolved": "https://registry.npmjs.org/codemirror/-/codemirror-5.60.0.tgz",
      "integrity": "sha512-AEL7LhFOlxPlCL8IdTcJDblJm8yrAGib7I+DErJPdZd4l6imx8IMgKK3RblVgBQqz3TZJR4oknQ03bz+uNjBYA=="
    },
    "css-vars-ponyfill": {
      "version": "2.4.3",
      "resolved": "https://registry.npmjs.org/css-vars-ponyfill/-/css-vars-ponyfill-2.4.3.tgz",
      "integrity": "sha512-PBfIwjSu27s8kebu8taEYFM8ehVr8o2Qw4H4nSlJzHAJgcduAqxz4oPmYTJuzgauOKaWII9SHWStQ965fxsdZA=="
    },
    "diff-match-patch": {
      "version": "1.0.5",
      "resolved": "https://registry.npmjs.org/diff-match-patch/-/diff-match-patch-1.0.5.tgz",
      "integrity": "sha512-IayShXAgj/QMXgB0IWmKx+rOPuGMhqm5w6jvFxmVenXKIzRqTAAsbBPT3kWQeGANj3jGgvcvv4yK6SxqYmikgw=="
    },
    "screenfull": {
      "version": "5.1.0",
      "resolved": "https://registry.npmjs.org/screenfull/-/screenfull-5.1.0.tgz",
      "integrity": "sha512-dYaNuOdzr+kc6J6CFcBrzkLCfyGcMg+gWkJ8us93IQ7y1cevhQAugFsaCdMHb6lw8KV3xPzSxzH7zM1dQap9mA=="
    },
    "throttle-debounce": {
      "version": "2.3.0",
      "resolved": "https://registry.npmjs.org/throttle-debounce/-/throttle-debounce-2.3.0.tgz",
      "integrity": "sha512-H7oLPV0P7+jgvrk+6mwwwBDmxTaxnu9HMXmloNLXwnNO0ZxZ31Orah2n8lU1eMPvsaowP2CX+USCgyovXfdOFQ=="
    },
    "vue-codemirror": {
      "version": "4.0.6",
      "resolved": "https://registry.npmjs.org/vue-codemirror/-/vue-codemirror-4.0.6.tgz",
      "integrity": "sha512-ilU7Uf0mqBNSSV3KT7FNEeRIxH4s1fmpG4TfHlzvXn0QiQAbkXS9lLfwuZpaBVEnpP5CSE62iGJjoliTuA8poQ==",
      "requires": {
        "codemirror": "^5.41.0",
        "diff-match-patch": "^1.0.0"
      }
    },
    "vue-element-loading": {
      "version": "1.1.6",
      "resolved": "https://registry.npmjs.org/vue-element-loading/-/vue-element-loading-1.1.6.tgz",
      "integrity": "sha512-KfzQtReQ91RtT4DNWRCmrZ6YMd3R07/qr4ygeOmS24e/xYCSzUX+9vnqZZoaFIZTNL8PKcsuNStrbEnZK3V6Tg==",
      "requires": {
        "vue": "^2.5.22"
      },
      "dependencies": {
        "vue": {
          "version": "2.6.12",
          "resolved": "https://registry.npmjs.org/vue/-/vue-2.6.12.tgz",
          "integrity": "sha512-uhmLFETqPPNyuLLbsKz6ioJ4q7AZHzD8ZVFNATNyICSZouqP2Sz0rotWQC8UNBF6VGSCs5abnKJoStA6JbCbfg=="
        }
      }
    },
    "vue-multipane": {
      "version": "0.9.5",
      "resolved": "https://registry.npmjs.org/vue-multipane/-/vue-multipane-0.9.5.tgz",
      "integrity": "sha512-4sr6POXY82VMzprQWGNMzTIBGGYEi7nG0uGQb6AYr8o0ngIsYCDPh/gmgms8NVsZzG28b7kn3tQhKP27cbbLdw=="
    },
    "vue-run-sfc": {
      "version": "1.6.0",
      "resolved": "https://registry.npmjs.org/vue-run-sfc/-/vue-run-sfc-1.6.0.tgz",
      "integrity": "sha512-lkImKAS0dWk22K6y4gRnvGe6Cfexy7O78F+zCwI+9iDhPUQEjjNXe9aqEET9kL2JUVAFHQ9xQz+l5zK0vq4fvA==",
      "requires": {
        "@babel/standalone": "^7.9.4",
        "css-vars-ponyfill": "^2.2.1",
        "deepmerge": "^4.2.2",
        "screenfull": "^5.0.2",
        "throttle-debounce": "^2.1.0",
        "vue-codemirror": "^4.0.6",
        "vue-element-loading": "^1.1.5",
        "vue-multipane": "^0.9.5"
      },
      "dependencies": {
        "deepmerge": {
          "version": "4.2.2",
          "resolved": "https://registry.npmjs.org/deepmerge/-/deepmerge-4.2.2.tgz",
          "integrity": "sha512-FJ3UgI4gIl+PHZm53knsuSFpE+nESMr7M4v9QcgB7S63Kj/6WqMiFQJpBBYz1Pt+66bZpP3Q7Lye0Oo9MPKEdg=="
        }
      }
    },
    "vuepress-plugin-run": {
      "version": "1.0.2",
      "resolved": "https://registry.npmjs.org/vuepress-plugin-run/-/vuepress-plugin-run-1.0.2.tgz",
      "integrity": "sha512-4P1K2xCySFPnwJgqQzoN6MYcU7OmVgNBxZXxEyDmPWnZL1v3DAsSehj8+rl7ghpHHr9TdZL5DKwWlQm9BE27ng==",
      "requires": {
        "markdown-it-container": "^2.0.0",
        "vue-run-sfc": "^1.6.0"
      },
      "dependencies": {
        "markdown-it-container": {
          "version": "2.0.0",
          "resolved": "https://registry.npmjs.org/markdown-it-container/-/markdown-it-container-2.0.0.tgz",
          "integrity": "sha1-ABm0P9Au7+zi8ZYKKJX7qBpARpU="
        }
      }
    }
  }
}
